// !$*UTF8*$!
{
	archiveVersion = 1;
	classes = {
	};
	objectVersion = 77;
	objects = {

/* Begin PBXBuildFile section */
		03CCC156DC120117DACB5B29 /* CognitiveLoadLevel.swift in Sources */ = {isa = PBXBuildFile; fileRef = 1EE0C3D327BF143DCD38CB5D /* CognitiveLoadLevel.swift */; };
		0E56C2A5B86795D538C9B57E /* MouseBehaviorAnalyzer.swift in Sources */ = {isa = PBXBuildFile; fileRef = 969A5F7DD9FAC57B39CE995D /* MouseBehaviorAnalyzer.swift */; };
		153D07FD1216D15CEFE6A3FA /* BreakOverlayWindow.swift in Sources */ = {isa = PBXBuildFile; fileRef = 673C9001E0251E4C9B66CF9E /* BreakOverlayWindow.swift */; };
		15DC9DEE6E7CD11CF0397FD7 /* InsightsView.swift in Sources */ = {isa = PBXBuildFile; fileRef = D0BB670B95ADFC01CA098C87 /* InsightsView.swift */; };
		1B93407DC257FC66415EA589 /* FeatureExtractor.swift in Sources */ = {isa = PBXBuildFile; fileRef = 4FFC02CD2D390C283D045572 /* FeatureExtractor.swift */; };
		204EDF10FFAFADEC9317AA9D /* MenuBarView.swift in Sources */ = {isa = PBXBuildFile; fileRef = 174526262A8A43D23EBB6764 /* MenuBarView.swift */; };
		2190AA1A6FB93BB60D09D6D6 /* CognitiveLoadEngine.swift in Sources */ = {isa = PBXBuildFile; fileRef = D2CFEFF9F883D358A050CF5E /* CognitiveLoadEngine.swift */; };
		24B8B865F0E57E3A0CAA23EF /* PermissionRequestView.swift in Sources */ = {isa = PBXBuildFile; fileRef = D339CD3A13CD7E35388D0290 /* PermissionRequestView.swift */; };
		28A9B573687A2E8F96505F14 /* RingBuffer.swift in Sources */ = {isa = PBXBuildFile; fileRef = D24228D87C47A568E7AF08C6 /* RingBuffer.swift */; };
		29C63C899B062136A5E8E0CF /* CursorFollowerWindow.swift in Sources */ = {isa = PBXBuildFile; fileRef = 4DF24419971CC0901ABDE8F8 /* CursorFollowerWindow.swift */; };
		2BF8E223A32E8BE03F765BC1 /* CognitiveLoadRing.swift in Sources */ = {isa = PBXBuildFile; fileRef = 4750637C42084D76539C5C0B /* CognitiveLoadRing.swift */; };
		33E089EA4B9CF67BF9B9E6D2 /* AccessibilityPermissionService.swift in Sources */ = {isa = PBXBuildFile; fileRef = 8990C8E245B384CD892B22C0 /* AccessibilityPermissionService.swift */; };
		3480E5EE74572B54BCED619E /* DashboardView.swift in Sources */ = {isa = PBXBuildFile; fileRef = 785CD2F7BE5C7EBAE21D24C6 /* DashboardView.swift */; };
		35DE8E4648D3E18C401BAD10 /* Assets.xcassets in Resources */ = {isa = PBXBuildFile; fileRef = 98481F3EB392CF01B8D39CED /* Assets.xcassets */; };
		38855CC00600F46AA883048E /* AppSwitchMonitor.swift in Sources */ = {isa = PBXBuildFile; fileRef = E5E84214F3A05AE87489A5ED /* AppSwitchMonitor.swift */; };
		3A3780AF9D7CFB258EA515BD /* MeshGradientBackground.swift in Sources */ = {isa = PBXBuildFile; fileRef = BEB77707C177D7208BBF42EC /* MeshGradientBackground.swift */; };
		52804EA207EDA209037EBF32 /* SettingsView.swift in Sources */ = {isa = PBXBuildFile; fileRef = 1EE62AEA6D385B227F23B163 /* SettingsView.swift */; };
		65ACAA30ACD22DF05F680F7D /* SessionData.swift in Sources */ = {isa = PBXBuildFile; fileRef = 40E737996C43FC8D36F4165F /* SessionData.swift */; };
		8E3949C94FCF59DB6A17F575 /* BreakReminderService.swift in Sources */ = {isa = PBXBuildFile; fileRef = CE0296E5753ED23030D6B03F /* BreakReminderService.swift */; };
		91D311E418C1CB5659BF764C /* NavigationState.swift in Sources */ = {isa = PBXBuildFile; fileRef = 404E25A7F2F1DB1D5F3089BB /* NavigationState.swift */; };
		93C4FAED9F18454AFA091A1F /* EventMonitorService.swift in Sources */ = {isa = PBXBuildFile; fileRef = 091D3C06CDC09C16B6E1ECD5 /* EventMonitorService.swift */; };
		9C3F1E7412BEB2D0243D7E8C /* Constants.swift in Sources */ = {isa = PBXBuildFile; fileRef = 084CBDD27415D0D48FA9C1D5 /* Constants.swift */; };
		9C44330D2C876DC86153D2DC /* MetricTile.swift in Sources */ = {isa = PBXBuildFile; fileRef = 3D8DE27A96A97FA926105CAA /* MetricTile.swift */; };
		A4034C854AD2B02BD7162FBF /* BreakNotificationPopup.swift in Sources */ = {isa = PBXBuildFile; fileRef = 25FB2F52CFF4BB35C785E143 /* BreakNotificationPopup.swift */; };
		A5B8BBD9B5FFD32E798D99F0 /* Extensions.swift in Sources */ = {isa = PBXBuildFile; fileRef = 41D085705867B48406833FAC /* Extensions.swift */; };
		AC64987EDEADC85E30C0038D /* ReflexApp.swift in Sources */ = {isa = PBXBuildFile; fileRef = B19B50FE40FAAAA58F039ED6 /* ReflexApp.swift */; };
		AC8DA1E65F54C0C39BB450EB /* SessionHistoryView.swift in Sources */ = {isa = PBXBuildFile; fileRef = 4A8627587CFDDF164E9C1F98 /* SessionHistoryView.swift */; };
		BF157532D3B35A55F38640F4 /* KeystrokeAnalyzer.swift in Sources */ = {isa = PBXBuildFile; fileRef = E1851B2410BAB357EF47DEA0 /* KeystrokeAnalyzer.swift */; };
		C67AA3BD7B441D47A68C0144 /* AppDelegate.swift in Sources */ = {isa = PBXBuildFile; fileRef = 60D8F0336A19CE407EC17E0C /* AppDelegate.swift */; };
		D028242FA03C8AE8D2FCE59C /* GlassMorphicCard.swift in Sources */ = {isa = PBXBuildFile; fileRef = DB9DD3FB0B58D812225339A9 /* GlassMorphicCard.swift */; };
		DCCA218832EA40D0523D5EC8 /* DataPersistenceService.swift in Sources */ = {isa = PBXBuildFile; fileRef = 10175329E8E20930D7BD340E /* DataPersistenceService.swift */; };
		E5372DEE6F1740CE9DCAFEBB /* CognitiveLoadPredictor.swift in Sources */ = {isa = PBXBuildFile; fileRef = 56BE84680B54C49CA08EB3D7 /* CognitiveLoadPredictor.swift */; };
		EA6E57D05B8BCE0A1CCE179D /* InputMetrics.swift in Sources */ = {isa = PBXBuildFile; fileRef = 06C4AA818500F7F1C43B255F /* InputMetrics.swift */; };
/* End PBXBuildFile section */

/* Begin PBXFileReference section */
		06C4AA818500F7F1C43B255F /* InputMetrics.swift */ = {isa = PBXFileReference; lastKnownFileType = sourcecode.swift; path = InputMetrics.swift; sourceTree = "<group>"; };
		084CBDD27415D0D48FA9C1D5 /* Constants.swift */ = {isa = PBXFileReference; lastKnownFileType = sourcecode.swift; path = Constants.swift; sourceTree = "<group>"; };
		091D3C06CDC09C16B6E1ECD5 /* EventMonitorService.swift */ = {isa = PBXFileReference; lastKnownFileType = sourcecode.swift; path = EventMonitorService.swift; sourceTree = "<group>"; };
		10175329E8E20930D7BD340E /* DataPersistenceService.swift */ = {isa = PBXFileReference; lastKnownFileType = sourcecode.swift; path = DataPersistenceService.swift; sourceTree = "<group>"; };
		174526262A8A43D23EBB6764 /* MenuBarView.swift */ = {isa = PBXFileReference; lastKnownFileType = sourcecode.swift; path = MenuBarView.swift; sourceTree = "<group>"; };
		1EE0C3D327BF143DCD38CB5D /* CognitiveLoadLevel.swift */ = {isa = PBXFileReference; lastKnownFileType = sourcecode.swift; path = CognitiveLoadLevel.swift; sourceTree = "<group>"; };
		1EE62AEA6D385B227F23B163 /* SettingsView.swift */ = {isa = PBXFileReference; lastKnownFileType = sourcecode.swift; path = SettingsView.swift; sourceTree = "<group>"; };
		25FB2F52CFF4BB35C785E143 /* BreakNotificationPopup.swift */ = {isa = PBXFileReference; lastKnownFileType = sourcecode.swift; path = BreakNotificationPopup.swift; sourceTree = "<group>"; };
		3D8DE27A96A97FA926105CAA /* MetricTile.swift */ = {isa = PBXFileReference; lastKnownFileType = sourcecode.swift; path = MetricTile.swift; sourceTree = "<group>"; };
		3EAE784E8E35762E81C8317F /* Reflex.app */ = {isa = PBXFileReference; explicitFileType = wrapper.application; includeInIndex = 0; path = Reflex.app; sourceTree = BUILT_PRODUCTS_DIR; };
		404E25A7F2F1DB1D5F3089BB /* NavigationState.swift */ = {isa = PBXFileReference; lastKnownFileType = sourcecode.swift; path = NavigationState.swift; sourceTree = "<group>"; };
		40E737996C43FC8D36F4165F /* SessionData.swift */ = {isa = PBXFileReference; lastKnownFileType = sourcecode.swift; path = SessionData.swift; sourceTree = "<group>"; };
		41D085705867B48406833FAC /* Extensions.swift */ = {isa = PBXFileReference; lastKnownFileType = sourcecode.swift; path = Extensions.swift; sourceTree = "<group>"; };
		4750637C42084D76539C5C0B /* CognitiveLoadRing.swift */ = {isa = PBXFileReference; lastKnownFileType = sourcecode.swift; path = CognitiveLoadRing.swift; sourceTree = "<group>"; };
		4A8627587CFDDF164E9C1F98 /* SessionHistoryView.swift */ = {isa = PBXFileReference; lastKnownFileType = sourcecode.swift; path = SessionHistoryView.swift; sourceTree = "<group>"; };
		4DF24419971CC0901ABDE8F8 /* CursorFollowerWindow.swift */ = {isa = PBXFileReference; lastKnownFileType = sourcecode.swift; path = CursorFollowerWindow.swift; sourceTree = "<group>"; };
		4FFC02CD2D390C283D045572 /* FeatureExtractor.swift */ = {isa = PBXFileReference; lastKnownFileType = sourcecode.swift; path = FeatureExtractor.swift; sourceTree = "<group>"; };
		56BE84680B54C49CA08EB3D7 /* CognitiveLoadPredictor.swift */ = {isa = PBXFileReference; lastKnownFileType = sourcecode.swift; path = CognitiveLoadPredictor.swift; sourceTree = "<group>"; };
		60D8F0336A19CE407EC17E0C /* AppDelegate.swift */ = {isa = PBXFileReference; lastKnownFileType = sourcecode.swift; path = AppDelegate.swift; sourceTree = "<group>"; };
		673C9001E0251E4C9B66CF9E /* BreakOverlayWindow.swift */ = {isa = PBXFileReference; lastKnownFileType = sourcecode.swift; path = BreakOverlayWindow.swift; sourceTree = "<group>"; };
		785CD2F7BE5C7EBAE21D24C6 /* DashboardView.swift */ = {isa = PBXFileReference; lastKnownFileType = sourcecode.swift; path = DashboardView.swift; sourceTree = "<group>"; };
		845BEAD085C0EEED6DC4E897 /* Reflex.entitlements */ = {isa = PBXFileReference; lastKnownFileType = text.plist.entitlements; path = Reflex.entitlements; sourceTree = "<group>"; };
		8990C8E245B384CD892B22C0 /* AccessibilityPermissionService.swift */ = {isa = PBXFileReference; lastKnownFileType = sourcecode.swift; path = AccessibilityPermissionService.swift; sourceTree = "<group>"; };
		969A5F7DD9FAC57B39CE995D /* MouseBehaviorAnalyzer.swift */ = {isa = PBXFileReference; lastKnownFileType = sourcecode.swift; path = MouseBehaviorAnalyzer.swift; sourceTree = "<group>"; };
		98481F3EB392CF01B8D39CED /* Assets.xcassets */ = {isa = PBXFileReference; lastKnownFileType = folder.assetcatalog; path = Assets.xcassets; sourceTree = "<group>"; };
		B19B50FE40FAAAA58F039ED6 /* ReflexApp.swift */ = {isa = PBXFileReference; lastKnownFileType = sourcecode.swift; path = ReflexApp.swift; sourceTree = "<group>"; };
		BC8E8B6AC631BCC380336539 /* Info.plist */ = {isa = PBXFileReference; lastKnownFileType = text.plist; path = Info.plist; sourceTree = "<group>"; };
		BEB77707C177D7208BBF42EC /* MeshGradientBackground.swift */ = {isa = PBXFileReference; lastKnownFileType = sourcecode.swift; path = MeshGradientBackground.swift; sourceTree = "<group>"; };
		CE0296E5753ED23030D6B03F /* BreakReminderService.swift */ = {isa = PBXFileReference; lastKnownFileType = sourcecode.swift; path = BreakReminderService.swift; sourceTree = "<group>"; };
		D0BB670B95ADFC01CA098C87 /* InsightsView.swift */ = {isa = PBXFileReference; lastKnownFileType = sourcecode.swift; path = InsightsView.swift; sourceTree = "<group>"; };
		D24228D87C47A568E7AF08C6 /* RingBuffer.swift */ = {isa = PBXFileReference; lastKnownFileType = sourcecode.swift; path = RingBuffer.swift; sourceTree = "<group>"; };
		D2CFEFF9F883D358A050CF5E /* CognitiveLoadEngine.swift */ = {isa = PBXFileReference; lastKnownFileType = sourcecode.swift; path = CognitiveLoadEngine.swift; sourceTree = "<group>"; };
		D339CD3A13CD7E35388D0290 /* PermissionRequestView.swift */ = {isa = PBXFileReference; lastKnownFileType = sourcecode.swift; path = PermissionRequestView.swift; sourceTree = "<group>"; };
		DB9DD3FB0B58D812225339A9 /* GlassMorphicCard.swift */ = {isa = PBXFileReference; lastKnownFileType = sourcecode.swift; path = GlassMorphicCard.swift; sourceTree = "<group>"; };
		E1851B2410BAB357EF47DEA0 /* KeystrokeAnalyzer.swift */ = {isa = PBXFileReference; lastKnownFileType = sourcecode.swift; path = KeystrokeAnalyzer.swift; sourceTree = "<group>"; };
		E5E84214F3A05AE87489A5ED /* AppSwitchMonitor.swift */ = {isa = PBXFileReference; lastKnownFileType = sourcecode.swift; path = AppSwitchMonitor.swift; sourceTree = "<group>"; };
/* End PBXFileReference section */

/* Begin PBXGroup section */
		01ED2FAC127AC43EA6E10E46 /* Components */ = {
			isa = PBXGroup;
			children = (
				4750637C42084D76539C5C0B /* CognitiveLoadRing.swift */,
				DB9DD3FB0B58D812225339A9 /* GlassMorphicCard.swift */,
				BEB77707C177D7208BBF42EC /* MeshGradientBackground.swift */,
				3D8DE27A96A97FA926105CAA /* MetricTile.swift */,
			);
			path = Components;
			sourceTree = "<group>";
		};
		4772A2EC6CC2B2C08ED4BFE2 = {
			isa = PBXGroup;
			children = (
				B4C9D59B29766C3CA0232DF3 /* Reflex */,
				7350B4F4BC6D09093F775456 /* Products */,
			);
			sourceTree = "<group>";
		};
		651DA73CD799CC96C70AAADB /* Utilities */ = {
			isa = PBXGroup;
			children = (
				084CBDD27415D0D48FA9C1D5 /* Constants.swift */,
				41D085705867B48406833FAC /* Extensions.swift */,
				D24228D87C47A568E7AF08C6 /* RingBuffer.swift */,
			);
			path = Utilities;
			sourceTree = "<group>";
		};
		7350B4F4BC6D09093F775456 /* Products */ = {
			isa = PBXGroup;
			children = (
				3EAE784E8E35762E81C8317F /* Reflex.app */,
			);
			name = Products;
			sourceTree = "<group>";
		};
		74A3CE3FDE36CF5E79CB9D10 /* Views */ = {
			isa = PBXGroup;
			children = (
				01ED2FAC127AC43EA6E10E46 /* Components */,
				25FB2F52CFF4BB35C785E143 /* BreakNotificationPopup.swift */,
				673C9001E0251E4C9B66CF9E /* BreakOverlayWindow.swift */,
				4DF24419971CC0901ABDE8F8 /* CursorFollowerWindow.swift */,
				785CD2F7BE5C7EBAE21D24C6 /* DashboardView.swift */,
				D0BB670B95ADFC01CA098C87 /* InsightsView.swift */,
				174526262A8A43D23EBB6764 /* MenuBarView.swift */,
				D339CD3A13CD7E35388D0290 /* PermissionRequestView.swift */,
				4A8627587CFDDF164E9C1F98 /* SessionHistoryView.swift */,
				1EE62AEA6D385B227F23B163 /* SettingsView.swift */,
			);
			path = Views;
			sourceTree = "<group>";
		};
		B4C9D59B29766C3CA0232DF3 /* Reflex */ = {
			isa = PBXGroup;
			children = (
				F07FDDE7D151F7F851E13E86 /* ML */,
				C94A4C60B63977EFA1AF8EE2 /* Models */,
				E04644E600C40D717C335D66 /* Services */,
				651DA73CD799CC96C70AAADB /* Utilities */,
				74A3CE3FDE36CF5E79CB9D10 /* Views */,
				60D8F0336A19CE407EC17E0C /* AppDelegate.swift */,
				98481F3EB392CF01B8D39CED /* Assets.xcassets */,
				BC8E8B6AC631BCC380336539 /* Info.plist */,
				845BEAD085C0EEED6DC4E897 /* Reflex.entitlements */,
				B19B50FE40FAAAA58F039ED6 /* ReflexApp.swift */,
			);
			path = Reflex;
			sourceTree = "<group>";
		};
		C94A4C60B63977EFA1AF8EE2 /* Models */ = {
			isa = PBXGroup;
			children = (
				1EE0C3D327BF143DCD38CB5D /* CognitiveLoadLevel.swift */,
				06C4AA818500F7F1C43B255F /* InputMetrics.swift */,
				404E25A7F2F1DB1D5F3089BB /* NavigationState.swift */,
				40E737996C43FC8D36F4165F /* SessionData.swift */,
			);
			path = Models;
			sourceTree = "<group>";
		};
		E04644E600C40D717C335D66 /* Services */ = {
			isa = PBXGroup;
			children = (
				8990C8E245B384CD892B22C0 /* AccessibilityPermissionService.swift */,
				E5E84214F3A05AE87489A5ED /* AppSwitchMonitor.swift */,
				CE0296E5753ED23030D6B03F /* BreakReminderService.swift */,
				D2CFEFF9F883D358A050CF5E /* CognitiveLoadEngine.swift */,
				10175329E8E20930D7BD340E /* DataPersistenceService.swift */,
				091D3C06CDC09C16B6E1ECD5 /* EventMonitorService.swift */,
				E1851B2410BAB357EF47DEA0 /* KeystrokeAnalyzer.swift */,
				969A5F7DD9FAC57B39CE995D /* MouseBehaviorAnalyzer.swift */,
			);
			path = Services;
			sourceTree = "<group>";
		};
		F07FDDE7D151F7F851E13E86 /* ML */ = {
			isa = PBXGroup;
			children = (
				56BE84680B54C49CA08EB3D7 /* CognitiveLoadPredictor.swift */,
				4FFC02CD2D390C283D045572 /* FeatureExtractor.swift */,
			);
			path = ML;
			sourceTree = "<group>";
		};
/* End PBXGroup section */

/* Begin PBXNativeTarget section */
		21502C22BC4A0FB01C9F15C5 /* Reflex */ = {
			isa = PBXNativeTarget;
			buildConfigurationList = 81F883967F078412E13B11E1 /* Build configuration list for PBXNativeTarget "Reflex" */;
			buildPhases = (
				AF9F35EEC27A0B6F8171FE0E /* Sources */,
				530691614D8107F20A59997B /* Resources */,
			);
			buildRules = (
			);
			dependencies = (
			);
			name = Reflex;
			packageProductDependencies = (
			);
			productName = Reflex;
			productReference = 3EAE784E8E35762E81C8317F /* Reflex.app */;
			productType = "com.apple.product-type.application";
		};
/* End PBXNativeTarget section */

/* Begin PBXProject section */
		1A5388A64CF148C546F840C8 /* Project object */ = {
			isa = PBXProject;
			attributes = {
				BuildIndependentTargetsInParallel = YES;
				LastUpgradeCheck = 1500;
				TargetAttributes = {
					21502C22BC4A0FB01C9F15C5 = {
						ProvisioningStyle = Automatic;
					};
				};
			};
			buildConfigurationList = 354728B56DEF4A8E1A3CBB61 /* Build configuration list for PBXProject "Reflex" */;
			compatibilityVersion = "Xcode 14.0";
			developmentRegion = en;
			hasScannedForEncodings = 0;
			knownRegions = (
				Base,
				en,
			);
			mainGroup = 4772A2EC6CC2B2C08ED4BFE2;
			minimizedProjectReferenceProxies = 1;
			preferredProjectObjectVersion = 77;
			projectDirPath = "";
			projectRoot = "";
			targets = (
				21502C22BC4A0FB01C9F15C5 /* Reflex */,
			);
		};
/* End PBXProject section */

/* Begin PBXResourcesBuildPhase section */
		530691614D8107F20A59997B /* Resources */ = {
			isa = PBXResourcesBuildPhase;
			buildActionMask = 2147483647;
			files = (
				35DE8E4648D3E18C401BAD10 /* Assets.xcassets in Resources */,
			);
			runOnlyForDeploymentPostprocessing = 0;
		};
/* End PBXResourcesBuildPhase section */

/* Begin PBXSourcesBuildPhase section */
		AF9F35EEC27A0B6F8171FE0E /* Sources */ = {
			isa = PBXSourcesBuildPhase;
			buildActionMask = 2147483647;
			files = (
				33E089EA4B9CF67BF9B9E6D2 /* AccessibilityPermissionService.swift in Sources */,
				C67AA3BD7B441D47A68C0144 /* AppDelegate.swift in Sources */,
				38855CC00600F46AA883048E /* AppSwitchMonitor.swift in Sources */,
				A4034C854AD2B02BD7162FBF /* BreakNotificationPopup.swift in Sources */,
				153D07FD1216D15CEFE6A3FA /* BreakOverlayWindow.swift in Sources */,
				8E3949C94FCF59DB6A17F575 /* BreakReminderService.swift in Sources */,
				2190AA1A6FB93BB60D09D6D6 /* CognitiveLoadEngine.swift in Sources */,
				03CCC156DC120117DACB5B29 /* CognitiveLoadLevel.swift in Sources */,
				E5372DEE6F1740CE9DCAFEBB /* CognitiveLoadPredictor.swift in Sources */,
				2BF8E223A32E8BE03F765BC1 /* CognitiveLoadRing.swift in Sources */,
				9C3F1E7412BEB2D0243D7E8C /* Constants.swift in Sources */,
				29C63C899B062136A5E8E0CF /* CursorFollowerWindow.swift in Sources */,
				3480E5EE74572B54BCED619E /* DashboardView.swift in Sources */,
				DCCA218832EA40D0523D5EC8 /* DataPersistenceService.swift in Sources */,
				93C4FAED9F18454AFA091A1F /* EventMonitorService.swift in Sources */,
				A5B8BBD9B5FFD32E798D99F0 /* Extensions.swift in Sources */,
				1B93407DC257FC66415EA589 /* FeatureExtractor.swift in Sources */,
				D028242FA03C8AE8D2FCE59C /* GlassMorphicCard.swift in Sources */,
				EA6E57D05B8BCE0A1CCE179D /* InputMetrics.swift in Sources */,
				15DC9DEE6E7CD11CF0397FD7 /* InsightsView.swift in Sources */,
				BF157532D3B35A55F38640F4 /* KeystrokeAnalyzer.swift in Sources */,
				204EDF10FFAFADEC9317AA9D /* MenuBarView.swift in Sources */,
				3A3780AF9D7CFB258EA515BD /* MeshGradientBackground.swift in Sources */,
				9C44330D2C876DC86153D2DC /* MetricTile.swift in Sources */,
				0E56C2A5B86795D538C9B57E /* MouseBehaviorAnalyzer.swift in Sources */,
				91D311E418C1CB5659BF764C /* NavigationState.swift in Sources */,
				24B8B865F0E57E3A0CAA23EF /* PermissionRequestView.swift in Sources */,
				AC64987EDEADC85E30C0038D /* ReflexApp.swift in Sources */,
				28A9B573687A2E8F96505F14 /* RingBuffer.swift in Sources */,
				65ACAA30ACD22DF05F680F7D /* SessionData.swift in Sources */,
				AC8DA1E65F54C0C39BB450EB /* SessionHistoryView.swift in Sources */,
				52804EA207EDA209037EBF32 /* SettingsView.swift in Sources */,
			);
			runOnlyForDeploymentPostprocessing = 0;
		};
/* End PBXSourcesBuildPhase section */

/* Begin XCBuildConfiguration section */
		1ED3470F5642A201EE12E3C3 /* Release */ = {
			isa = XCBuildConfiguration;
			buildSettings = {
				ASSETCATALOG_COMPILER_APPICON_NAME = AppIcon;
				ASSETCATALOG_COMPILER_GLOBAL_ACCENT_COLOR_NAME = AccentColor;
				CODE_SIGN_ENTITLEMENTS = Reflex/Reflex.entitlements;
				CODE_SIGN_STYLE = Automatic;
				COMBINE_HIDPI_IMAGES = YES;
				ENABLE_APP_SANDBOX = NO;
				INFOPLIST_FILE = Reflex/Info.plist;
				LD_RUNPATH_SEARCH_PATHS = (
					"$(inherited)",
					"@executable_path/../Frameworks",
				);
				MACOSX_DEPLOYMENT_TARGET = 15.0;
				PRODUCT_BUNDLE_IDENTIFIER = com.reflex.app;
				PRODUCT_NAME = Reflex;
				SDKROOT = macosx;
				SWIFT_COMPILATION_MODE = wholemodule;
				SWIFT_EMIT_LOC_STRINGS = YES;
			};
			name = Release;
		};
		3161197D70CACCEA5F3DF1E1 /* Debug */ = {
			isa = XCBuildConfiguration;
			buildSettings = {
				ALWAYS_SEARCH_USER_PATHS = NO;
				CLANG_ANALYZER_NONNULL = YES;
				CLANG_ANALYZER_NUMBER_OBJECT_CONVERSION = YES_AGGRESSIVE;
				CLANG_CXX_LANGUAGE_STANDARD = "gnu++14";
				CLANG_CXX_LIBRARY = "libc++";
				CLANG_ENABLE_MODULES = YES;
				CLANG_ENABLE_OBJC_ARC = YES;
				CLANG_ENABLE_OBJC_WEAK = YES;
				CLANG_WARN_BLOCK_CAPTURE_AUTORELEASING = YES;
				CLANG_WARN_BOOL_CONVERSION = YES;
				CLANG_WARN_COMMA = YES;
				CLANG_WARN_CONSTANT_CONVERSION = YES;
				CLANG_WARN_DEPRECATED_OBJC_IMPLEMENTATIONS = YES;
				CLANG_WARN_DIRECT_OBJC_ISA_USAGE = YES_ERROR;
				CLANG_WARN_DOCUMENTATION_COMMENTS = YES;
				CLANG_WARN_EMPTY_BODY = YES;
				CLANG_WARN_ENUM_CONVERSION = YES;
				CLANG_WARN_INFINITE_RECURSION = YES;
				CLANG_WARN_INT_CONVERSION = YES;
				CLANG_WARN_NON_LITERAL_NULL_CONVERSION = YES;
				CLANG_WARN_OBJC_IMPLICIT_RETAIN_SELF = YES;
				CLANG_WARN_OBJC_LITERAL_CONVERSION = YES;
				CLANG_WARN_OBJC_ROOT_CLASS = YES_ERROR;
				CLANG_WARN_QUOTED_INCLUDE_IN_FRAMEWORK_HEADER = YES;
				CLANG_WARN_RANGE_LOOP_ANALYSIS = YES;
				CLANG_WARN_STRICT_PROTOTYPES = YES;
				CLANG_WARN_SUSPICIOUS_MOVE = YES;
				CLANG_WARN_UNGUARDED_AVAILABILITY = YES_AGGRESSIVE;
				CLANG_WARN_UNREACHABLE_CODE = YES;
				CLANG_WARN__DUPLICATE_METHOD_MATCH = YES;
				COPY_PHASE_STRIP = NO;
				DEBUG_INFORMATION_FORMAT = "dwarf-with-dsym";
				ENABLE_STRICT_OBJC_MSGSEND = YES;
				ENABLE_TESTABILITY = YES;
				GCC_C_LANGUAGE_STANDARD = gnu11;
				GCC_DYNAMIC_NO_PIC = NO;
				GCC_NO_COMMON_BLOCKS = YES;
				GCC_OPTIMIZATION_LEVEL = 0;
				GCC_PREPROCESSOR_DEFINITIONS = (
					"$(inherited)",
					"DEBUG=1",
				);
				GCC_WARN_64_TO_32_BIT_CONVERSION = YES;
				GCC_WARN_ABOUT_RETURN_TYPE = YES_ERROR;
				GCC_WARN_UNDECLARED_SELECTOR = YES;
				GCC_WARN_UNINITIALIZED_AUTOS = YES_AGGRESSIVE;
				GCC_WARN_UNUSED_FUNCTION = YES;
				GCC_WARN_UNUSED_VARIABLE = YES;
				GENERATE_INFOPLIST_FILE = NO;
				MACOSX_DEPLOYMENT_TARGET = 15.0;
				MTL_ENABLE_DEBUG_INFO = INCLUDE_SOURCE;
				MTL_FAST_MATH = YES;
				ONLY_ACTIVE_ARCH = YES;
				PRODUCT_NAME = "$(TARGET_NAME)";
				SDKROOT = macosx;
				SWIFT_ACTIVE_COMPILATION_CONDITIONS = DEBUG;
				SWIFT_OPTIMIZATION_LEVEL = "-Onone";
				SWIFT_VERSION = 5.9;
			};
			name = Debug;
		};
		7C0BDA11119CE684CE080FA4 /* Release */ = {
			isa = XCBuildConfiguration;
			buildSettings = {
				ALWAYS_SEARCH_USER_PATHS = NO;
				CLANG_ANALYZER_NONNULL = YES;
				CLANG_ANALYZER_NUMBER_OBJECT_CONVERSION = YES_AGGRESSIVE;
				CLANG_CXX_LANGUAGE_STANDARD = "gnu++14";
				CLANG_CXX_LIBRARY = "libc++";
				CLANG_ENABLE_MODULES = YES;
				CLANG_ENABLE_OBJC_ARC = YES;
				CLANG_ENABLE_OBJC_WEAK = YES;
				CLANG_WARN_BLOCK_CAPTURE_AUTORELEASING = YES;
				CLANG_WARN_BOOL_CONVERSION = YES;
				CLANG_WARN_COMMA = YES;
				CLANG_WARN_CONSTANT_CONVERSION = YES;
				CLANG_WARN_DEPRECATED_OBJC_IMPLEMENTATIONS = YES;
				CLANG_WARN_DIRECT_OBJC_ISA_USAGE = YES_ERROR;
				CLANG_WARN_DOCUMENTATION_COMMENTS = YES;
				CLANG_WARN_EMPTY_BODY = YES;
				CLANG_WARN_ENUM_CONVERSION = YES;
				CLANG_WARN_INFINITE_RECURSION = YES;
				CLANG_WARN_INT_CONVERSION = YES;
				CLANG_WARN_NON_LITERAL_NULL_CONVERSION = YES;
				CLANG_WARN_OBJC_IMPLICIT_RETAIN_SELF = YES;
				CLANG_WARN_OBJC_LITERAL_CONVERSION = YES;
				CLANG_WARN_OBJC_ROOT_CLASS = YES_ERROR;
				CLANG_WARN_QUOTED_INCLUDE_IN_FRAMEWORK_HEADER = YES;
				CLANG_WARN_RANGE_LOOP_ANALYSIS = YES;
				CLANG_WARN_STRICT_PROTOTYPES = YES;
				CLANG_WARN_SUSPICIOUS_MOVE = YES;
				CLANG_WARN_UNGUARDED_AVAILABILITY = YES_AGGRESSIVE;
				CLANG_WARN_UNREACHABLE_CODE = YES;
				CLANG_WARN__DUPLICATE_METHOD_MATCH = YES;
				COPY_PHASE_STRIP = NO;
				DEBUG_INFORMATION_FORMAT = "dwarf-with-dsym";
				ENABLE_NS_ASSERTIONS = NO;
				ENABLE_STRICT_OBJC_MSGSEND = YES;
				GCC_C_LANGUAGE_STANDARD = gnu11;
				GCC_NO_COMMON_BLOCKS = YES;
				GCC_WARN_64_TO_32_BIT_CONVERSION = YES;
				GCC_WARN_ABOUT_RETURN_TYPE = YES_ERROR;
				GCC_WARN_UNDECLARED_SELECTOR = YES;
				GCC_WARN_UNINITIALIZED_AUTOS = YES_AGGRESSIVE;
				GCC_WARN_UNUSED_FUNCTION = YES;
				GCC_WARN_UNUSED_VARIABLE = YES;
				GENERATE_INFOPLIST_FILE = NO;
				MACOSX_DEPLOYMENT_TARGET = 15.0;
				MTL_ENABLE_DEBUG_INFO = NO;
				MTL_FAST_MATH = YES;
				PRODUCT_NAME = "$(TARGET_NAME)";
				SDKROOT = macosx;
				SWIFT_COMPILATION_MODE = wholemodule;
				SWIFT_OPTIMIZATION_LEVEL = "-O";
				SWIFT_VERSION = 5.9;
			};
			name = Release;
		};
		7FCF4F30AB5FCD147C3E4F52 /* Debug */ = {
			isa = XCBuildConfiguration;
			buildSettings = {
				ASSETCATALOG_COMPILER_APPICON_NAME = AppIcon;
				ASSETCATALOG_COMPILER_GLOBAL_ACCENT_COLOR_NAME = AccentColor;
				CODE_SIGN_ENTITLEMENTS = Reflex/Reflex.entitlements;
				CODE_SIGN_STYLE = Automatic;
				COMBINE_HIDPI_IMAGES = YES;
				ENABLE_APP_SANDBOX = NO;
				INFOPLIST_FILE = Reflex/Info.plist;
				LD_RUNPATH_SEARCH_PATHS = (
					"$(inherited)",
					"@executable_path/../Frameworks",
				);
				MACOSX_DEPLOYMENT_TARGET = 15.0;
				PRODUCT_BUNDLE_IDENTIFIER = com.reflex.app;
				PRODUCT_NAME = Reflex;
				SDKROOT = macosx;
				SWIFT_ACTIVE_COMPILATION_CONDITIONS = DEBUG;
				SWIFT_EMIT_LOC_STRINGS = YES;
				SWIFT_OPTIMIZATION_LEVEL = "-Onone";
			};
			name = Debug;
		};
/* End XCBuildConfiguration section */

/* Begin XCConfigurationList section */
		354728B56DEF4A8E1A3CBB61 /* Build configuration list for PBXProject "Reflex" */ = {
			isa = XCConfigurationList;
			buildConfigurations = (
				3161197D70CACCEA5F3DF1E1 /* Debug */,
				7C0BDA11119CE684CE080FA4 /* Release */,
			);
			defaultConfigurationIsVisible = 0;
			defaultConfigurationName = Debug;
		};
		81F883967F078412E13B11E1 /* Build configuration list for PBXNativeTarget "Reflex" */ = {
			isa = XCConfigurationList;
			buildConfigurations = (
				7FCF4F30AB5FCD147C3E4F52 /* Debug */,
				1ED3470F5642A201EE12E3C3 /* Release */,
			);
			defaultConfigurationIsVisible = 0;
			defaultConfigurationName = Debug;
		};
/* End XCConfigurationList section */
	};
	rootObject = 1A5388A64CF148C546F840C8 /* Project object */;
}
